// !$*UTF8*$!
{
	archiveVersion = 1;
	classes = {
	};
	objectVersion = 48;
	objects = {

/* Begin PBXBuildFile section */
		5A66F5EC1FF25D440062EA29 /* main.swift in Sources */ = {isa = PBXBuildFile; fileRef = 5A66F5EB1FF25D440062EA29 /* main.swift */; };
		5A66F5F61FF2603D0062EA29 /* StringExtension.swift in Sources */ = {isa = PBXBuildFile; fileRef = 5A66F5F41FF2603D0062EA29 /* StringExtension.swift */; };
		5A66F5F71FF2603D0062EA29 /* FileHandleExtension.swift in Sources */ = {isa = PBXBuildFile; fileRef = 5A66F5F51FF2603D0062EA29 /* FileHandleExtension.swift */; };
		5AA89A5F1FF2F4A100A4FD7B /* Parser.swift in Sources */ = {isa = PBXBuildFile; fileRef = 5AA89A5E1FF2F4A100A4FD7B /* Parser.swift */; };
		5AA89A611FF2F4AE00A4FD7B /* CodeWriter.swift in Sources */ = {isa = PBXBuildFile; fileRef = 5AA89A601FF2F4AE00A4FD7B /* CodeWriter.swift */; };
		5AA89A631FF2F5F400A4FD7B /* Console.swift in Sources */ = {isa = PBXBuildFile; fileRef = 5AA89A621FF2F5F400A4FD7B /* Console.swift */; };
		5AA89A651FF2F99100A4FD7B /* FileManagerExtension.swift in Sources */ = {isa = PBXBuildFile; fileRef = 5AA89A641FF2F99100A4FD7B /* FileManagerExtension.swift */; };
/* End PBXBuildFile section */

/* Begin PBXCopyFilesBuildPhase section */
		5A66F5E61FF25D440062EA29 /* CopyFiles */ = {
			isa = PBXCopyFilesBuildPhase;
			buildActionMask = 2147483647;
			dstPath = /usr/share/man/man1/;
			dstSubfolderSpec = 0;
			files = (
			);
			runOnlyForDeploymentPostprocessing = 1;
		};
/* End PBXCopyFilesBuildPhase section */

/* Begin PBXFileReference section */
		5A66F5E81FF25D440062EA29 /* VMTranslator */ = {isa = PBXFileReference; explicitFileType = "compiled.mach-o.executable"; includeInIndex = 0; path = VMTranslator; sourceTree = BUILT_PRODUCTS_DIR; };
		5A66F5EB1FF25D440062EA29 /* main.swift */ = {isa = PBXFileReference; lastKnownFileType = sourcecode.swift; path = main.swift; sourceTree = "<group>"; };
		5A66F5F41FF2603D0062EA29 /* StringExtension.swift */ = {isa = PBXFileReference; fileEncoding = 4; lastKnownFileType = sourcecode.swift; path = StringExtension.swift; sourceTree = "<group>"; };
		5A66F5F51FF2603D0062EA29 /* FileHandleExtension.swift */ = {isa = PBXFileReference; fileEncoding = 4; lastKnownFileType = sourcecode.swift; path = FileHandleExtension.swift; sourceTree = "<group>"; };
		5AA89A5E1FF2F4A100A4FD7B /* Parser.swift */ = {isa = PBXFileReference; lastKnownFileType = sourcecode.swift; path = Parser.swift; sourceTree = "<group>"; };
		5AA89A601FF2F4AE00A4FD7B /* CodeWriter.swift */ = {isa = PBXFileReference; lastKnownFileType = sourcecode.swift; path = CodeWriter.swift; sourceTree = "<group>"; };
		5AA89A621FF2F5F400A4FD7B /* Console.swift */ = {isa = PBXFileReference; lastKnownFileType = sourcecode.swift; path = Console.swift; sourceTree = "<group>"; };
		5AA89A641FF2F99100A4FD7B /* FileManagerExtension.swift */ = {isa = PBXFileReference; lastKnownFileType = sourcecode.swift; path = FileManagerExtension.swift; sourceTree = "<group>"; };
/* End PBXFileReference section */

/* Begin PBXFrameworksBuildPhase section */
		5A66F5E51FF25D440062EA29 /* Frameworks */ = {
			isa = PBXFrameworksBuildPhase;
			buildActionMask = 2147483647;
			files = (
			);
			runOnlyForDeploymentPostprocessing = 0;
		};
/* End PBXFrameworksBuildPhase section */

/* Begin PBXGroup section */
		5A66F5DF1FF25D440062EA29 = {
			isa = PBXGroup;
			children = (
				5A66F5EA1FF25D440062EA29 /* VMTranslator */,
				5A66F5E91FF25D440062EA29 /* Products */,
			);
			sourceTree = "<group>";
		};
		5A66F5E91FF25D440062EA29 /* Products */ = {
			isa = PBXGroup;
			children = (
				5A66F5E81FF25D440062EA29 /* VMTranslator */,
			);
			name = Products;
			sourceTree = "<group>";
		};
		5A66F5EA1FF25D440062EA29 /* VMTranslator */ = {
			isa = PBXGroup;
			children = (
				5A66F5EB1FF25D440062EA29 /* main.swift */,
				5AA89A621FF2F5F400A4FD7B /* Console.swift */,
				5AA89A5E1FF2F4A100A4FD7B /* Parser.swift */,
				5AA89A601FF2F4AE00A4FD7B /* CodeWriter.swift */,
				5A66F5F31FF2603D0062EA29 /* Extensions */,
			);
			path = VMTranslator;
			sourceTree = "<group>";
		};
		5A66F5F31FF2603D0062EA29 /* Extensions */ = {
			isa = PBXGroup;
			children = (
				5A66F5F41FF2603D0062EA29 /* StringExtension.swift */,
				5A66F5F51FF2603D0062EA29 /* FileHandleExtension.swift */,
				5AA89A641FF2F99100A4FD7B /* FileManagerExtension.swift */,
			);
			path = Extensions;
			sourceTree = "<group>";
		};
/* End PBXGroup section */

/* Begin PBXNativeTarget section */
		5A66F5E71FF25D440062EA29 /* VMTranslator */ = {
			isa = PBXNativeTarget;
			buildConfigurationList = 5A66F5EF1FF25D440062EA29 /* Build configuration list for PBXNativeTarget "VMTranslator" */;
			buildPhases = (
				5A66F5E41FF25D440062EA29 /* Sources */,
				5A66F5E51FF25D440062EA29 /* Frameworks */,
				5A66F5E61FF25D440062EA29 /* CopyFiles */,
			);
			buildRules = (
			);
			dependencies = (
			);
			name = VMTranslator;
			productName = VMTranslator;
			productReference = 5A66F5E81FF25D440062EA29 /* VMTranslator */;
			productType = "com.apple.product-type.tool";
		};
/* End PBXNativeTarget section */

/* Begin PBXProject section */
		5A66F5E01FF25D440062EA29 /* Project object */ = {
			isa = PBXProject;
			attributes = {
				LastSwiftUpdateCheck = 0920;
				LastUpgradeCheck = 0920;
				ORGANIZATIONNAME = "Murat Dogu";
				TargetAttributes = {
					5A66F5E71FF25D440062EA29 = {
						CreatedOnToolsVersion = 9.2;
						ProvisioningStyle = Automatic;
					};
				};
			};
			buildConfigurationList = 5A66F5E31FF25D440062EA29 /* Build configuration list for PBXProject "VMTranslator" */;
			compatibilityVersion = "Xcode 8.0";
			developmentRegion = en;
			hasScannedForEncodings = 0;
			knownRegions = (
				en,
			);
			mainGroup = 5A66F5DF1FF25D440062EA29;
			productRefGroup = 5A66F5E91FF25D440062EA29 /* Products */;
			projectDirPath = "";
			projectRoot = "";
			targets = (
				5A66F5E71FF25D440062EA29 /* VMTranslator */,
			);
		};
/* End PBXProject section */

/* Begin PBXSourcesBuildPhase section */
		5A66F5E41FF25D440062EA29 /* Sources */ = {
			isa = PBXSourcesBuildPhase;
			buildActionMask = 2147483647;
			files = (
				5AA89A5F1FF2F4A100A4FD7B /* Parser.swift in Sources */,
				5AA89A631FF2F5F400A4FD7B /* Console.swift in Sources */,
				5AA89A651FF2F99100A4FD7B /* FileManagerExtension.swift in Sources */,
				5A66F5F71FF2603D0062EA29 /* FileHandleExtension.swift in Sources */,
				5A66F5F61FF2603D0062EA29 /* StringExtension.swift in Sources */,
				5A66F5EC1FF25D440062EA29 /* main.swift in Sources */,
				5AA89A611FF2F4AE00A4FD7B /* CodeWriter.swift in Sources */,
			);
			runOnlyForDeploymentPostprocessing = 0;
		};
/* End PBXSourcesBuildPhase section */

/* Begin XCBuildConfiguration section */
		5A66F5ED1FF25D440062EA29 /* Debug */ = {
			isa = XCBuildConfiguration;
			buildSettings = {
				ALWAYS_SEARCH_USER_PATHS = NO;
				CLANG_ANALYZER_NONNULL = YES;
				CLANG_ANALYZER_NUMBER_OBJECT_CONVERSION = YES_AGGRESSIVE;
				CLANG_CXX_LANGUAGE_STANDARD = "gnu++14";
				CLANG_CXX_LIBRARY = "libc++";
				CLANG_ENABLE_MODULES = YES;
				CLANG_ENABLE_OBJC_ARC = YES;
				CLANG_WARN_BLOCK_CAPTURE_AUTORELEASING = YES;
				CLANG_WARN_BOOL_CONVERSION = YES;
				CLANG_WARN_COMMA = YES;
				CLANG_WARN_CONSTANT_CONVERSION = YES;
				CLANG_WARN_DIRECT_OBJC_ISA_USAGE = YES_ERROR;
				CLANG_WARN_DOCUMENTATION_COMMENTS = YES;
				CLANG_WARN_EMPTY_BODY = YES;
				CLANG_WARN_ENUM_CONVERSION = YES;
				CLANG_WARN_INFINITE_RECURSION = YES;
				CLANG_WARN_INT_CONVERSION = YES;
				CLANG_WARN_NON_LITERAL_NULL_CONVERSION = YES;
				CLANG_WARN_OBJC_LITERAL_CONVERSION = YES;
				CLANG_WARN_OBJC_ROOT_CLASS = YES_ERROR;
				CLANG_WARN_RANGE_LOOP_ANALYSIS = YES;
				CLANG_WARN_STRICT_PROTOTYPES = YES;
				CLANG_WARN_SUSPICIOUS_MOVE = YES;
				CLANG_WARN_UNGUARDED_AVAILABILITY = YES_AGGRESSIVE;
				CLANG_WARN_UNREACHABLE_CODE = YES;
				CLANG_WARN__DUPLICATE_METHOD_MATCH = YES;
				CODE_SIGN_IDENTITY = "Mac Developer";
				COPY_PHASE_STRIP = NO;
				DEBUG_INFORMATION_FORMAT = dwarf;
				ENABLE_STRICT_OBJC_MSGSEND = YES;
				ENABLE_TESTABILITY = YES;
				GCC_C_LANGUAGE_STANDARD = gnu11;
				GCC_DYNAMIC_NO_PIC = NO;
				GCC_NO_COMMON_BLOCKS = YES;
				GCC_OPTIMIZATION_LEVEL = 0;
				GCC_PREPROCESSOR_DEFINITIONS = (
					"DEBUG=1",
					"$(inherited)",
				);
				GCC_WARN_64_TO_32_BIT_CONVERSION = YES;
				GCC_WARN_ABOUT_RETURN_TYPE = YES_ERROR;
				GCC_WARN_UNDECLARED_SELECTOR = YES;
				GCC_WARN_UNINITIALIZED_AUTOS = YES_AGGRESSIVE;
				GCC_WARN_UNUSED_FUNCTION = YES;
				GCC_WARN_UNUSED_VARIABLE = YES;
				MACOSX_DEPLOYMENT_TARGET = 10.13;
				MTL_ENABLE_DEBUG_INFO = YES;
				ONLY_ACTIVE_ARCH = YES;
				SDKROOT = macosx;
				SWIFT_ACTIVE_COMPILATION_CONDITIONS = DEBUG;
				SWIFT_OPTIMIZATION_LEVEL = "-Onone";
			};
			name = Debug;
		};
		5A66F5EE1FF25D440062EA29 /* Release */ = {
			isa = XCBuildConfiguration;
			buildSettings = {
				ALWAYS_SEARCH_USER_PATHS = NO;
				CLANG_ANALYZER_NONNULL = YES;
				CLANG_ANALYZER_NUMBER_OBJECT_CONVERSION = YES_AGGRESSIVE;
				CLANG_CXX_LANGUAGE_STANDARD = "gnu++14";
				CLANG_CXX_LIBRARY = "libc++";
				CLANG_ENABLE_MODULES = YES;
				CLANG_ENABLE_OBJC_ARC = YES;
				CLANG_WARN_BLOCK_CAPTURE_AUTORELEASING = YES;
				CLANG_WARN_BOOL_CONVERSION = YES;
				CLANG_WARN_COMMA = YES;
				CLANG_WARN_CONSTANT_CONVERSION = YES;
				CLANG_WARN_DIRECT_OBJC_ISA_USAGE = YES_ERROR;
				CLANG_WARN_DOCUMENTATION_COMMENTS = YES;
				CLANG_WARN_EMPTY_BODY = YES;
				CLANG_WARN_ENUM_CONVERSION = YES;
				CLANG_WARN_INFINITE_RECURSION = YES;
				CLANG_WARN_INT_CONVERSION = YES;
				CLANG_WARN_NON_LITERAL_NULL_CONVERSION = YES;
				CLANG_WARN_OBJC_LITERAL_CONVERSION = YES;
				CLANG_WARN_OBJC_ROOT_CLASS = YES_ERROR;
				CLANG_WARN_RANGE_LOOP_ANALYSIS = YES;
				CLANG_WARN_STRICT_PROTOTYPES = YES;
				CLANG_WARN_SUSPICIOUS_MOVE = YES;
				CLANG_WARN_UNGUARDED_AVAILABILITY = YES_AGGRESSIVE;
				CLANG_WARN_UNREACHABLE_CODE = YES;
				CLANG_WARN__DUPLICATE_METHOD_MATCH = YES;
				CODE_SIGN_IDENTITY = "Mac Developer";
				COPY_PHASE_STRIP = NO;
				DEBUG_INFORMATION_FORMAT = "dwarf-with-dsym";
				ENABLE_NS_ASSERTIONS = NO;
				ENABLE_STRICT_OBJC_MSGSEND = YES;
				GCC_C_LANGUAGE_STANDARD = gnu11;
				GCC_NO_COMMON_BLOCKS = YES;
				GCC_WARN_64_TO_32_BIT_CONVERSION = YES;
				GCC_WARN_ABOUT_RETURN_TYPE = YES_ERROR;
				GCC_WARN_UNDECLARED_SELECTOR = YES;
				GCC_WARN_UNINITIALIZED_AUTOS = YES_AGGRESSIVE;
				GCC_WARN_UNUSED_FUNCTION = YES;
				GCC_WARN_UNUSED_VARIABLE = YES;
				MACOSX_DEPLOYMENT_TARGET = 10.13;
				MTL_ENABLE_DEBUG_INFO = NO;
				SDKROOT = macosx;
				SWIFT_OPTIMIZATION_LEVEL = "-Owholemodule";
			};
			name = Release;
		};
		5A66F5F01FF25D440062EA29 /* Debug */ = {
			isa = XCBuildConfiguration;
			buildSettings = {
				CODE_SIGN_IDENTITY = "Mac Developer";
				CODE_SIGN_STYLE = Automatic;
				DEVELOPMENT_TEAM = K2DTYA2AVN;
				PRODUCT_NAME = "$(TARGET_NAME)";
				PROVISIONING_PROFILE_SPECIFIER = "";
				SWIFT_VERSION = 4.0;
			};
			name = Debug;
		};
		5A66F5F11FF25D440062EA29 /* Release */ = {
			isa = XCBuildConfiguration;
			buildSettings = {
				CODE_SIGN_IDENTITY = "Mac Developer";
				CODE_SIGN_STYLE = Automatic;
				DEVELOPMENT_TEAM = K2DTYA2AVN;
				PRODUCT_NAME = "$(TARGET_NAME)";
				PROVISIONING_PROFILE_SPECIFIER = "";
				SWIFT_VERSION = 4.0;
			};
			name = Release;
		};
/* End XCBuildConfiguration section */

/* Begin XCConfigurationList section */
		5A66F5E31FF25D440062EA29 /* Build configuration list for PBXProject "VMTranslator" */ = {
			isa = XCConfigurationList;
			buildConfigurations = (
				5A66F5ED1FF25D440062EA29 /* Debug */,
				5A66F5EE1FF25D440062EA29 /* Release */,
			);
			defaultConfigurationIsVisible = 0;
			defaultConfigurationName = Release;
		};
		5A66F5EF1FF25D440062EA29 /* Build configuration list for PBXNativeTarget "VMTranslator" */ = {
			isa = XCConfigurationList;
			buildConfigurations = (
				5A66F5F01FF25D440062EA29 /* Debug */,
				5A66F5F11FF25D440062EA29 /* Release */,
			);
			defaultConfigurationIsVisible = 0;
			defaultConfigurationName = Release;
		};
/* End XCConfigurationList section */
	};
	rootObject = 5A66F5E01FF25D440062EA29 /* Project object */;
}
